
Microsoft Visual Studio Solution File, Format Version 12.00
# Visual Studio 2013
VisualStudioVersion = 12.0.30501.0
MinimumVisualStudioVersion = 10.0.40219.1
Project("{FAE04EC0-301F-11D3-BF4B-00C04F79EFBC}") = "ICM.Common", "ICM.Common\ICM.Common.csproj", "{28243391-E928-4E2E-9272-3D139B83685B}"
EndProject
Project("{FAE04EC0-301F-11D3-BF4B-00C04F79EFBC}") = "ICM.Data", "ICM.Data\ICM.Data.csproj", "{8A6C92AA-47AB-46D3-B20F-105EE97E410F}"
EndProject
Project("{FAE04EC0-301F-11D3-BF4B-00C04F79EFBC}") = "ICM.Web.Common", "ICM.Web.Common\ICM.Web.Common.csproj", "{12777327-1BB1-4191-A399-CED6CD7B65E4}"
EndProject
Project("{2150E333-8FDC-42A3-9474-1A3956D46DE8}") = "Tests", "Tests", "{24D9DBD2-4FD7-4A47-BFA1-0CD2ADC2FC44}"
EndProject
Project("{FAE04EC0-301F-11D3-BF4B-00C04F79EFBC}") = "ICM.Web", "ICM.Web\ICM.Web.csproj", "{54BBBD8C-C420-474F-A669-BC114689D970}"
EndProject
Project("{FAE04EC0-301F-11D3-BF4B-00C04F79EFBC}") = "ICM.Common.Test", "ICM.Common.Test\ICM.Common.Test.csproj", "{E91B4170-AB7E-4A26-B198-9409AB13A0EC}"
EndProject
Project("{FAE04EC0-301F-11D3-BF4B-00C04F79EFBC}") = "ICM.Web.Test", "ICM.Web.Test\ICM.Web.Test.csproj", "{5CF44E4A-F145-436A-8516-D13E5B36F008}"
EndProject
Project("{FAE04EC0-301F-11D3-BF4B-00C04F79EFBC}") = "ICM.Data.Business", "ICM.Data.Business\ICM.Data.Business.csproj", "{F2CF197D-1148-497F-BFE9-CD726CAA5FA2}"
EndProject
Project("{FAE04EC0-301F-11D3-BF4B-00C04F79EFBC}") = "ICM.Web.API", "ICM.Web.API\ICM.Web.API.csproj", "{1AE8F29F-2838-4D1A-A730-6D6BEBACAA67}"
EndProject
Project("{FAE04EC0-301F-11D3-BF4B-00C04F79EFBC}") = "ICM.Storage", "ICM.Storage\ICM.Storage.csproj", "{5E9A47DA-8189-47D3-95C8-0C9B61CFE4ED}"
EndProject
Project("{FAE04EC0-301F-11D3-BF4B-00C04F79EFBC}") = "ICM.Message", "ICM.Message\ICM.Message.csproj", "{CD556643-1538-4883-A882-EB88AE4FBD61}"
EndProject
Project("{FAE04EC0-301F-11D3-BF4B-00C04F79EFBC}") = "ICM.Cloud.Storage", "ICM.Cloud.Storage\ICM.Cloud.Storage.csproj", "{7A890C44-7C52-441E-A4F9-BFFAC5D8055E}"
EndProject
Project("{FAE04EC0-301F-11D3-BF4B-00C04F79EFBC}") = "Angular", "Angular\Angular.csproj", "{13604B38-24C9-47A6-AFBC-4052D7F5BA54}"
EndProject
Global
	GlobalSection(SolutionConfigurationPlatforms) = preSolution
		Debug|Any CPU = Debug|Any CPU
		Release|Any CPU = Release|Any CPU
	EndGlobalSection
	GlobalSection(ProjectConfigurationPlatforms) = postSolution
		{28243391-E928-4E2E-9272-3D139B83685B}.Debug|Any CPU.ActiveCfg = Debug|Any CPU
		{28243391-E928-4E2E-9272-3D139B83685B}.Debug|Any CPU.Build.0 = Debug|Any CPU
		{28243391-E928-4E2E-9272-3D139B83685B}.Release|Any CPU.ActiveCfg = Release|Any CPU
		{28243391-E928-4E2E-9272-3D139B83685B}.Release|Any CPU.Build.0 = Release|Any CPU
		{8A6C92AA-47AB-46D3-B20F-105EE97E410F}.Debug|Any CPU.ActiveCfg = Debug|Any CPU
		{8A6C92AA-47AB-46D3-B20F-105EE97E410F}.Debug|Any CPU.Build.0 = Debug|Any CPU
		{8A6C92AA-47AB-46D3-B20F-105EE97E410F}.Release|Any CPU.ActiveCfg = Release|Any CPU
		{8A6C92AA-47AB-46D3-B20F-105EE97E410F}.Release|Any CPU.Build.0 = Release|Any CPU
		{12777327-1BB1-4191-A399-CED6CD7B65E4}.Debug|Any CPU.ActiveCfg = Debug|Any CPU
		{12777327-1BB1-4191-A399-CED6CD7B65E4}.Debug|Any CPU.Build.0 = Debug|Any CPU
		{12777327-1BB1-4191-A399-CED6CD7B65E4}.Release|Any CPU.ActiveCfg = Release|Any CPU
		{12777327-1BB1-4191-A399-CED6CD7B65E4}.Release|Any CPU.Build.0 = Release|Any CPU
		{54BBBD8C-C420-474F-A669-BC114689D970}.Debug|Any CPU.ActiveCfg = Debug|Any CPU
		{54BBBD8C-C420-474F-A669-BC114689D970}.Debug|Any CPU.Build.0 = Debug|Any CPU
		{54BBBD8C-C420-474F-A669-BC114689D970}.Release|Any CPU.ActiveCfg = Release|Any CPU
		{54BBBD8C-C420-474F-A669-BC114689D970}.Release|Any CPU.Build.0 = Release|Any CPU
		{E91B4170-AB7E-4A26-B198-9409AB13A0EC}.Debug|Any CPU.ActiveCfg = Debug|Any CPU
		{E91B4170-AB7E-4A26-B198-9409AB13A0EC}.Debug|Any CPU.Build.0 = Debug|Any CPU
		{E91B4170-AB7E-4A26-B198-9409AB13A0EC}.Release|Any CPU.ActiveCfg = Release|Any CPU
		{E91B4170-AB7E-4A26-B198-9409AB13A0EC}.Release|Any CPU.Build.0 = Release|Any CPU
		{5CF44E4A-F145-436A-8516-D13E5B36F008}.Debug|Any CPU.ActiveCfg = Debug|Any CPU
		{5CF44E4A-F145-436A-8516-D13E5B36F008}.Debug|Any CPU.Build.0 = Debug|Any CPU
		{5CF44E4A-F145-436A-8516-D13E5B36F008}.Release|Any CPU.ActiveCfg = Release|Any CPU
		{5CF44E4A-F145-436A-8516-D13E5B36F008}.Release|Any CPU.Build.0 = Release|Any CPU
		{F2CF197D-1148-497F-BFE9-CD726CAA5FA2}.Debug|Any CPU.ActiveCfg = Debug|Any CPU
		{F2CF197D-1148-497F-BFE9-CD726CAA5FA2}.Debug|Any CPU.Build.0 = Debug|Any CPU
		{F2CF197D-1148-497F-BFE9-CD726CAA5FA2}.Release|Any CPU.ActiveCfg = Release|Any CPU
		{F2CF197D-1148-497F-BFE9-CD726CAA5FA2}.Release|Any CPU.Build.0 = Release|Any CPU
		{1AE8F29F-2838-4D1A-A730-6D6BEBACAA67}.Debug|Any CPU.ActiveCfg = Debug|Any CPU
		{1AE8F29F-2838-4D1A-A730-6D6BEBACAA67}.Debug|Any CPU.Build.0 = Debug|Any CPU
		{1AE8F29F-2838-4D1A-A730-6D6BEBACAA67}.Release|Any CPU.ActiveCfg = Release|Any CPU
		{1AE8F29F-2838-4D1A-A730-6D6BEBACAA67}.Release|Any CPU.Build.0 = Release|Any CPU
		{5E9A47DA-8189-47D3-95C8-0C9B61CFE4ED}.Debug|Any CPU.ActiveCfg = Debug|Any CPU
		{5E9A47DA-8189-47D3-95C8-0C9B61CFE4ED}.Debug|Any CPU.Build.0 = Debug|Any CPU
		{5E9A47DA-8189-47D3-95C8-0C9B61CFE4ED}.Release|Any CPU.ActiveCfg = Release|Any CPU
		{5E9A47DA-8189-47D3-95C8-0C9B61CFE4ED}.Release|Any CPU.Build.0 = Release|Any CPU
		{CD556643-1538-4883-A882-EB88AE4FBD61}.Debug|Any CPU.ActiveCfg = Debug|Any CPU
		{CD556643-1538-4883-A882-EB88AE4FBD61}.Debug|Any CPU.Build.0 = Debug|Any CPU
		{CD556643-1538-4883-A882-EB88AE4FBD61}.Release|Any CPU.ActiveCfg = Release|Any CPU
		{CD556643-1538-4883-A882-EB88AE4FBD61}.Release|Any CPU.Build.0 = Release|Any CPU
		{7A890C44-7C52-441E-A4F9-BFFAC5D8055E}.Debug|Any CPU.ActiveCfg = Debug|Any CPU
		{7A890C44-7C52-441E-A4F9-BFFAC5D8055E}.Debug|Any CPU.Build.0 = Debug|Any CPU
		{7A890C44-7C52-441E-A4F9-BFFAC5D8055E}.Release|Any CPU.ActiveCfg = Release|Any CPU
		{7A890C44-7C52-441E-A4F9-BFFAC5D8055E}.Release|Any CPU.Build.0 = Release|Any CPU
		{13604B38-24C9-47A6-AFBC-4052D7F5BA54}.Debug|Any CPU.ActiveCfg = Debug|Any CPU
		{13604B38-24C9-47A6-AFBC-4052D7F5BA54}.Debug|Any CPU.Build.0 = Debug|Any CPU
		{13604B38-24C9-47A6-AFBC-4052D7F5BA54}.Release|Any CPU.ActiveCfg = Release|Any CPU
		{13604B38-24C9-47A6-AFBC-4052D7F5BA54}.Release|Any CPU.Build.0 = Release|Any CPU
	EndGlobalSection
	GlobalSection(SolutionProperties) = preSolution
		HideSolutionNode = FALSE
	EndGlobalSection
	GlobalSection(NestedProjects) = preSolution
		{E91B4170-AB7E-4A26-B198-9409AB13A0EC} = {24D9DBD2-4FD7-4A47-BFA1-0CD2ADC2FC44}
		{5CF44E4A-F145-436A-8516-D13E5B36F008} = {24D9DBD2-4FD7-4A47-BFA1-0CD2ADC2FC44}
	EndGlobalSection
EndGlobal
